// !$*UTF8*$!
{
	archiveVersion = 1;
	classes = {
	};
	objectVersion = 46;
	objects = {

/* Begin PBXBuildFile section */
		6F39440F197B3C7DA76A60AA /* Pods_ricochet.framework in Frameworks */ = {isa = PBXBuildFile; fileRef = 0239E6CA60D241E0F6D723F3 /* Pods_ricochet.framework */; };
		DF9D40211D090D83001C0BE9 /* Ricochet.swift in Sources */ = {isa = PBXBuildFile; fileRef = DF9D40201D090D83001C0BE9 /* Ricochet.swift */; };
		DFAC6B551D090BDF00C71EB5 /* ricochet.h in Headers */ = {isa = PBXBuildFile; fileRef = DFAC6B541D090BDF00C71EB5 /* ricochet.h */; settings = {ATTRIBUTES = (Public, ); }; };
		DFAC6B5C1D090BDF00C71EB5 /* ricochet.framework in Frameworks */ = {isa = PBXBuildFile; fileRef = DFAC6B511D090BDF00C71EB5 /* ricochet.framework */; };
		DFAC6B611D090BE000C71EB5 /* ricochetTests.swift in Sources */ = {isa = PBXBuildFile; fileRef = DFAC6B601D090BE000C71EB5 /* ricochetTests.swift */; };
		FD1451D39A9C55B57EF5438B /* Pods_ricochetTests.framework in Frameworks */ = {isa = PBXBuildFile; fileRef = 76A32A50D2DB06D7B57725CC /* Pods_ricochetTests.framework */; };
/* End PBXBuildFile section */

/* Begin PBXContainerItemProxy section */
		DFAC6B5D1D090BDF00C71EB5 /* PBXContainerItemProxy */ = {
			isa = PBXContainerItemProxy;
			containerPortal = DFAC6B481D090BDF00C71EB5 /* Project object */;
			proxyType = 1;
			remoteGlobalIDString = DFAC6B501D090BDF00C71EB5;
			remoteInfo = ricochet;
		};
/* End PBXContainerItemProxy section */

/* Begin PBXFileReference section */
		0239E6CA60D241E0F6D723F3 /* Pods_ricochet.framework */ = {isa = PBXFileReference; explicitFileType = wrapper.framework; includeInIndex = 0; path = Pods_ricochet.framework; sourceTree = BUILT_PRODUCTS_DIR; };
		113E3803EEDAA4C2C78130E9 /* Pods-ricochetTests.debug.xcconfig */ = {isa = PBXFileReference; includeInIndex = 1; lastKnownFileType = text.xcconfig; name = "Pods-ricochetTests.debug.xcconfig"; path = "Pods/Target Support Files/Pods-ricochetTests/Pods-ricochetTests.debug.xcconfig"; sourceTree = "<group>"; };
		680E1DAB020ECB16BC1748D0 /* Pods-ricochet.release.xcconfig */ = {isa = PBXFileReference; includeInIndex = 1; lastKnownFileType = text.xcconfig; name = "Pods-ricochet.release.xcconfig"; path = "Pods/Target Support Files/Pods-ricochet/Pods-ricochet.release.xcconfig"; sourceTree = "<group>"; };
		76A32A50D2DB06D7B57725CC /* Pods_ricochetTests.framework */ = {isa = PBXFileReference; explicitFileType = wrapper.framework; includeInIndex = 0; path = Pods_ricochetTests.framework; sourceTree = BUILT_PRODUCTS_DIR; };
		DDA9AA8C750409FA3813FBA7 /* Pods-ricochet.debug.xcconfig */ = {isa = PBXFileReference; includeInIndex = 1; lastKnownFileType = text.xcconfig; name = "Pods-ricochet.debug.xcconfig"; path = "Pods/Target Support Files/Pods-ricochet/Pods-ricochet.debug.xcconfig"; sourceTree = "<group>"; };
		DF9D40201D090D83001C0BE9 /* Ricochet.swift */ = {isa = PBXFileReference; fileEncoding = 4; lastKnownFileType = sourcecode.swift; path = Ricochet.swift; sourceTree = "<group>"; };
		DFAC6B511D090BDF00C71EB5 /* ricochet.framework */ = {isa = PBXFileReference; explicitFileType = wrapper.framework; includeInIndex = 0; path = ricochet.framework; sourceTree = BUILT_PRODUCTS_DIR; };
		DFAC6B541D090BDF00C71EB5 /* ricochet.h */ = {isa = PBXFileReference; lastKnownFileType = sourcecode.c.h; path = ricochet.h; sourceTree = "<group>"; };
		DFAC6B561D090BDF00C71EB5 /* Info.plist */ = {isa = PBXFileReference; lastKnownFileType = text.plist.xml; path = Info.plist; sourceTree = "<group>"; };
		DFAC6B5B1D090BDF00C71EB5 /* ricochetTests.xctest */ = {isa = PBXFileReference; explicitFileType = wrapper.cfbundle; includeInIndex = 0; path = ricochetTests.xctest; sourceTree = BUILT_PRODUCTS_DIR; };
		DFAC6B601D090BE000C71EB5 /* ricochetTests.swift */ = {isa = PBXFileReference; lastKnownFileType = sourcecode.swift; path = ricochetTests.swift; sourceTree = "<group>"; };
		DFAC6B621D090BE000C71EB5 /* Info.plist */ = {isa = PBXFileReference; lastKnownFileType = text.plist.xml; path = Info.plist; sourceTree = "<group>"; };
		E9C6D8CF704CEE320AD44C93 /* Pods-ricochetTests.release.xcconfig */ = {isa = PBXFileReference; includeInIndex = 1; lastKnownFileType = text.xcconfig; name = "Pods-ricochetTests.release.xcconfig"; path = "Pods/Target Support Files/Pods-ricochetTests/Pods-ricochetTests.release.xcconfig"; sourceTree = "<group>"; };
/* End PBXFileReference section */

/* Begin PBXFrameworksBuildPhase section */
		DFAC6B4D1D090BDF00C71EB5 /* Frameworks */ = {
			isa = PBXFrameworksBuildPhase;
			buildActionMask = 2147483647;
			files = (
				6F39440F197B3C7DA76A60AA /* Pods_ricochet.framework in Frameworks */,
			);
			runOnlyForDeploymentPostprocessing = 0;
		};
		DFAC6B581D090BDF00C71EB5 /* Frameworks */ = {
			isa = PBXFrameworksBuildPhase;
			buildActionMask = 2147483647;
			files = (
				DFAC6B5C1D090BDF00C71EB5 /* ricochet.framework in Frameworks */,
				FD1451D39A9C55B57EF5438B /* Pods_ricochetTests.framework in Frameworks */,
			);
			runOnlyForDeploymentPostprocessing = 0;
		};
/* End PBXFrameworksBuildPhase section */

/* Begin PBXGroup section */
		B25F65348E8FF8786996EE89 /* Pods */ = {
			isa = PBXGroup;
			children = (
				DDA9AA8C750409FA3813FBA7 /* Pods-ricochet.debug.xcconfig */,
				680E1DAB020ECB16BC1748D0 /* Pods-ricochet.release.xcconfig */,
				113E3803EEDAA4C2C78130E9 /* Pods-ricochetTests.debug.xcconfig */,
				E9C6D8CF704CEE320AD44C93 /* Pods-ricochetTests.release.xcconfig */,
			);
			name = Pods;
			sourceTree = "<group>";
		};
		CDCCFE027F5352CCE061602C /* Frameworks */ = {
			isa = PBXGroup;
			children = (
				0239E6CA60D241E0F6D723F3 /* Pods_ricochet.framework */,
				76A32A50D2DB06D7B57725CC /* Pods_ricochetTests.framework */,
			);
			name = Frameworks;
			sourceTree = "<group>";
		};
		DFAC6B471D090BDF00C71EB5 = {
			isa = PBXGroup;
			children = (
				DFAC6B531D090BDF00C71EB5 /* ricochet */,
				DFAC6B5F1D090BE000C71EB5 /* ricochetTests */,
				DFAC6B521D090BDF00C71EB5 /* Products */,
				B25F65348E8FF8786996EE89 /* Pods */,
				CDCCFE027F5352CCE061602C /* Frameworks */,
			);
			sourceTree = "<group>";
		};
		DFAC6B521D090BDF00C71EB5 /* Products */ = {
			isa = PBXGroup;
			children = (
				DFAC6B511D090BDF00C71EB5 /* ricochet.framework */,
				DFAC6B5B1D090BDF00C71EB5 /* ricochetTests.xctest */,
			);
			name = Products;
			sourceTree = "<group>";
		};
		DFAC6B531D090BDF00C71EB5 /* ricochet */ = {
			isa = PBXGroup;
			children = (
				DF9D40201D090D83001C0BE9 /* Ricochet.swift */,
				DFAC6B541D090BDF00C71EB5 /* ricochet.h */,
				DFAC6B561D090BDF00C71EB5 /* Info.plist */,
			);
			path = ricochet;
			sourceTree = "<group>";
		};
		DFAC6B5F1D090BE000C71EB5 /* ricochetTests */ = {
			isa = PBXGroup;
			children = (
				DFAC6B601D090BE000C71EB5 /* ricochetTests.swift */,
				DFAC6B621D090BE000C71EB5 /* Info.plist */,
			);
			path = ricochetTests;
			sourceTree = "<group>";
		};
/* End PBXGroup section */

/* Begin PBXHeadersBuildPhase section */
		DFAC6B4E1D090BDF00C71EB5 /* Headers */ = {
			isa = PBXHeadersBuildPhase;
			buildActionMask = 2147483647;
			files = (
				DFAC6B551D090BDF00C71EB5 /* ricochet.h in Headers */,
			);
			runOnlyForDeploymentPostprocessing = 0;
		};
/* End PBXHeadersBuildPhase section */

/* Begin PBXNativeTarget section */
		DFAC6B501D090BDF00C71EB5 /* ricochet */ = {
			isa = PBXNativeTarget;
			buildConfigurationList = DFAC6B651D090BE000C71EB5 /* Build configuration list for PBXNativeTarget "ricochet" */;
			buildPhases = (
				C98896ABA0030B530D4797A9 /* Check Pods Manifest.lock */,
				DFAC6B4C1D090BDF00C71EB5 /* Sources */,
				DFAC6B4D1D090BDF00C71EB5 /* Frameworks */,
				DFAC6B4E1D090BDF00C71EB5 /* Headers */,
				DFAC6B4F1D090BDF00C71EB5 /* Resources */,
				6911DCBAA4D214B013C7F14A /* Copy Pods Resources */,
			);
			buildRules = (
			);
			dependencies = (
			);
			name = ricochet;
			productName = ricochet;
			productReference = DFAC6B511D090BDF00C71EB5 /* ricochet.framework */;
			productType = "com.apple.product-type.framework";
		};
		DFAC6B5A1D090BDF00C71EB5 /* ricochetTests */ = {
			isa = PBXNativeTarget;
			buildConfigurationList = DFAC6B681D090BE000C71EB5 /* Build configuration list for PBXNativeTarget "ricochetTests" */;
			buildPhases = (
				094FA1633CEA7AF420801DB1 /* Check Pods Manifest.lock */,
				DFAC6B571D090BDF00C71EB5 /* Sources */,
				DFAC6B581D090BDF00C71EB5 /* Frameworks */,
				DFAC6B591D090BDF00C71EB5 /* Resources */,
				34987D2C8EF15D86D2C0F41D /* Embed Pods Frameworks */,
				41E321C49B26CD8AF347C083 /* Copy Pods Resources */,
			);
			buildRules = (
			);
			dependencies = (
				DFAC6B5E1D090BDF00C71EB5 /* PBXTargetDependency */,
			);
			name = ricochetTests;
			productName = ricochetTests;
			productReference = DFAC6B5B1D090BDF00C71EB5 /* ricochetTests.xctest */;
			productType = "com.apple.product-type.bundle.unit-test";
		};
/* End PBXNativeTarget section */

/* Begin PBXProject section */
		DFAC6B481D090BDF00C71EB5 /* Project object */ = {
			isa = PBXProject;
			attributes = {
				LastSwiftUpdateCheck = 0730;
				LastUpgradeCheck = 0730;
				ORGANIZATIONNAME = "Lloyd Rochester";
				TargetAttributes = {
					DFAC6B501D090BDF00C71EB5 = {
						CreatedOnToolsVersion = 7.3.1;
					};
					DFAC6B5A1D090BDF00C71EB5 = {
						CreatedOnToolsVersion = 7.3.1;
					};
				};
			};
			buildConfigurationList = DFAC6B4B1D090BDF00C71EB5 /* Build configuration list for PBXProject "ricochet" */;
			compatibilityVersion = "Xcode 3.2";
			developmentRegion = English;
			hasScannedForEncodings = 0;
			knownRegions = (
				en,
			);
			mainGroup = DFAC6B471D090BDF00C71EB5;
			productRefGroup = DFAC6B521D090BDF00C71EB5 /* Products */;
			projectDirPath = "";
			projectRoot = "";
			targets = (
				DFAC6B501D090BDF00C71EB5 /* ricochet */,
				DFAC6B5A1D090BDF00C71EB5 /* ricochetTests */,
			);
		};
/* End PBXProject section */

/* Begin PBXResourcesBuildPhase section */
		DFAC6B4F1D090BDF00C71EB5 /* Resources */ = {
			isa = PBXResourcesBuildPhase;
			buildActionMask = 2147483647;
			files = (
			);
			runOnlyForDeploymentPostprocessing = 0;
		};
		DFAC6B591D090BDF00C71EB5 /* Resources */ = {
			isa = PBXResourcesBuildPhase;
			buildActionMask = 2147483647;
			files = (
			);
			runOnlyForDeploymentPostprocessing = 0;
		};
/* End PBXResourcesBuildPhase section */

/* Begin PBXShellScriptBuildPhase section */
		094FA1633CEA7AF420801DB1 /* Check Pods Manifest.lock */ = {
			isa = PBXShellScriptBuildPhase;
			buildActionMask = 2147483647;
			files = (
			);
			inputPaths = (
			);
			name = "Check Pods Manifest.lock";
			outputPaths = (
			);
			runOnlyForDeploymentPostprocessing = 0;
			shellPath = /bin/sh;
			shellScript = "diff \"${PODS_ROOT}/../Podfile.lock\" \"${PODS_ROOT}/Manifest.lock\" > /dev/null\nif [[ $? != 0 ]] ; then\n    cat << EOM\nerror: The sandbox is not in sync with the Podfile.lock. Run 'pod install' or update your CocoaPods installation.\nEOM\n    exit 1\nfi\n";
			showEnvVarsInLog = 0;
		};
		34987D2C8EF15D86D2C0F41D /* Embed Pods Frameworks */ = {
			isa = PBXShellScriptBuildPhase;
			buildActionMask = 2147483647;
			files = (
			);
			inputPaths = (
			);
			name = "Embed Pods Frameworks";
			outputPaths = (
			);
			runOnlyForDeploymentPostprocessing = 0;
			shellPath = /bin/sh;
			shellScript = "\"${SRCROOT}/Pods/Target Support Files/Pods-ricochetTests/Pods-ricochetTests-frameworks.sh\"\n";
			showEnvVarsInLog = 0;
		};
		41E321C49B26CD8AF347C083 /* Copy Pods Resources */ = {
			isa = PBXShellScriptBuildPhase;
			buildActionMask = 2147483647;
			files = (
			);
			inputPaths = (
			);
			name = "Copy Pods Resources";
			outputPaths = (
			);
			runOnlyForDeploymentPostprocessing = 0;
			shellPath = /bin/sh;
			shellScript = "\"${SRCROOT}/Pods/Target Support Files/Pods-ricochetTests/Pods-ricochetTests-resources.sh\"\n";
			showEnvVarsInLog = 0;
		};
		6911DCBAA4D214B013C7F14A /* Copy Pods Resources */ = {
			isa = PBXShellScriptBuildPhase;
			buildActionMask = 2147483647;
			files = (
			);
			inputPaths = (
			);
			name = "Copy Pods Resources";
			outputPaths = (
			);
			runOnlyForDeploymentPostprocessing = 0;
			shellPath = /bin/sh;
			shellScript = "\"${SRCROOT}/Pods/Target Support Files/Pods-ricochet/Pods-ricochet-resources.sh\"\n";
			showEnvVarsInLog = 0;
		};
		C98896ABA0030B530D4797A9 /* Check Pods Manifest.lock */ = {
			isa = PBXShellScriptBuildPhase;
			buildActionMask = 2147483647;
			files = (
			);
			inputPaths = (
			);
			name = "Check Pods Manifest.lock";
			outputPaths = (
			);
			runOnlyForDeploymentPostprocessing = 0;
			shellPath = /bin/sh;
			shellScript = "diff \"${PODS_ROOT}/../Podfile.lock\" \"${PODS_ROOT}/Manifest.lock\" > /dev/null\nif [[ $? != 0 ]] ; then\n    cat << EOM\nerror: The sandbox is not in sync with the Podfile.lock. Run 'pod install' or update your CocoaPods installation.\nEOM\n    exit 1\nfi\n";
			showEnvVarsInLog = 0;
		};
/* End PBXShellScriptBuildPhase section */

/* Begin PBXSourcesBuildPhase section */
		DFAC6B4C1D090BDF00C71EB5 /* Sources */ = {
			isa = PBXSourcesBuildPhase;
			buildActionMask = 2147483647;
			files = (
				DF9D40211D090D83001C0BE9 /* Ricochet.swift in Sources */,
			);
			runOnlyForDeploymentPostprocessing = 0;
		};
		DFAC6B571D090BDF00C71EB5 /* Sources */ = {
			isa = PBXSourcesBuildPhase;
			buildActionMask = 2147483647;
			files = (
				DFAC6B611D090BE000C71EB5 /* ricochetTests.swift in Sources */,
			);
			runOnlyForDeploymentPostprocessing = 0;
		};
/* End PBXSourcesBuildPhase section */

/* Begin PBXTargetDependency section */
		DFAC6B5E1D090BDF00C71EB5 /* PBXTargetDependency */ = {
			isa = PBXTargetDependency;
			target = DFAC6B501D090BDF00C71EB5 /* ricochet */;
			targetProxy = DFAC6B5D1D090BDF00C71EB5 /* PBXContainerItemProxy */;
		};
/* End PBXTargetDependency section */

/* Begin XCBuildConfiguration section */
		DFAC6B631D090BE000C71EB5 /* Debug */ = {
			isa = XCBuildConfiguration;
			buildSettings = {
				ALWAYS_SEARCH_USER_PATHS = NO;
				CLANG_ANALYZER_NONNULL = YES;
				CLANG_CXX_LANGUAGE_STANDARD = "gnu++0x";
				CLANG_CXX_LIBRARY = "libc++";
				CLANG_ENABLE_MODULES = YES;
				CLANG_ENABLE_OBJC_ARC = YES;
				CLANG_WARN_BOOL_CONVERSION = YES;
				CLANG_WARN_CONSTANT_CONVERSION = YES;
				CLANG_WARN_DIRECT_OBJC_ISA_USAGE = YES_ERROR;
				CLANG_WARN_EMPTY_BODY = YES;
				CLANG_WARN_ENUM_CONVERSION = YES;
				CLANG_WARN_INT_CONVERSION = YES;
				CLANG_WARN_OBJC_ROOT_CLASS = YES_ERROR;
				CLANG_WARN_UNREACHABLE_CODE = YES;
				CLANG_WARN__DUPLICATE_METHOD_MATCH = YES;
				"CODE_SIGN_IDENTITY[sdk=iphoneos*]" = "iPhone Developer";
				COPY_PHASE_STRIP = NO;
				CURRENT_PROJECT_VERSION = 1;
				DEBUG_INFORMATION_FORMAT = dwarf;
				ENABLE_STRICT_OBJC_MSGSEND = YES;
				ENABLE_TESTABILITY = YES;
				GCC_C_LANGUAGE_STANDARD = gnu99;
				GCC_DYNAMIC_NO_PIC = NO;
				GCC_NO_COMMON_BLOCKS = YES;
				GCC_OPTIMIZATION_LEVEL = 0;
				GCC_PREPROCESSOR_DEFINITIONS = (
					"DEBUG=1",
					"$(inherited)",
				);
				GCC_WARN_64_TO_32_BIT_CONVERSION = YES;
				GCC_WARN_ABOUT_RETURN_TYPE = YES_ERROR;
				GCC_WARN_UNDECLARED_SELECTOR = YES;
				GCC_WARN_UNINITIALIZED_AUTOS = YES_AGGRESSIVE;
				GCC_WARN_UNUSED_FUNCTION = YES;
				GCC_WARN_UNUSED_VARIABLE = YES;
				IPHONEOS_DEPLOYMENT_TARGET = 9.3;
				MTL_ENABLE_DEBUG_INFO = YES;
				ONLY_ACTIVE_ARCH = YES;
				SDKROOT = iphoneos;
				SWIFT_OPTIMIZATION_LEVEL = "-Onone";
				TARGETED_DEVICE_FAMILY = "1,2";
				VERSIONING_SYSTEM = "apple-generic";
				VERSION_INFO_PREFIX = "";
			};
			name = Debug;
		};
		DFAC6B641D090BE000C71EB5 /* Release */ = {
			isa = XCBuildConfiguration;
			buildSettings = {
				ALWAYS_SEARCH_USER_PATHS = NO;
				CLANG_ANALYZER_NONNULL = YES;
				CLANG_CXX_LANGUAGE_STANDARD = "gnu++0x";
				CLANG_CXX_LIBRARY = "libc++";
				CLANG_ENABLE_MODULES = YES;
				CLANG_ENABLE_OBJC_ARC = YES;
				CLANG_WARN_BOOL_CONVERSION = YES;
				CLANG_WARN_CONSTANT_CONVERSION = YES;
				CLANG_WARN_DIRECT_OBJC_ISA_USAGE = YES_ERROR;
				CLANG_WARN_EMPTY_BODY = YES;
				CLANG_WARN_ENUM_CONVERSION = YES;
				CLANG_WARN_INT_CONVERSION = YES;
				CLANG_WARN_OBJC_ROOT_CLASS = YES_ERROR;
				CLANG_WARN_UNREACHABLE_CODE = YES;
				CLANG_WARN__DUPLICATE_METHOD_MATCH = YES;
				"CODE_SIGN_IDENTITY[sdk=iphoneos*]" = "iPhone Developer";
				COPY_PHASE_STRIP = NO;
				CURRENT_PROJECT_VERSION = 1;
				DEBUG_INFORMATION_FORMAT = "dwarf-with-dsym";
				ENABLE_NS_ASSERTIONS = NO;
				ENABLE_STRICT_OBJC_MSGSEND = YES;
				GCC_C_LANGUAGE_STANDARD = gnu99;
				GCC_NO_COMMON_BLOCKS = YES;
				GCC_WARN_64_TO_32_BIT_CONVERSION = YES;
				GCC_WARN_ABOUT_RETURN_TYPE = YES_ERROR;
				GCC_WARN_UNDECLARED_SELECTOR = YES;
				GCC_WARN_UNINITIALIZED_AUTOS = YES_AGGRESSIVE;
				GCC_WARN_UNUSED_FUNCTION = YES;
				GCC_WARN_UNUSED_VARIABLE = YES;
				IPHONEOS_DEPLOYMENT_TARGET = 9.3;
				MTL_ENABLE_DEBUG_INFO = NO;
				SDKROOT = iphoneos;
				TARGETED_DEVICE_FAMILY = "1,2";
				VALIDATE_PRODUCT = YES;
				VERSIONING_SYSTEM = "apple-generic";
				VERSION_INFO_PREFIX = "";
			};
			name = Release;
		};
		DFAC6B661D090BE000C71EB5 /* Debug */ = {
			isa = XCBuildConfiguration;
			baseConfigurationReference = DDA9AA8C750409FA3813FBA7 /* Pods-ricochet.debug.xcconfig */;
			buildSettings = {
				DEFINES_MODULE = YES;
				DYLIB_COMPATIBILITY_VERSION = 1;
				DYLIB_CURRENT_VERSION = 1;
				DYLIB_INSTALL_NAME_BASE = "@rpath";
				INFOPLIST_FILE = ricochet/Info.plist;
				INSTALL_PATH = "$(LOCAL_LIBRARY_DIR)/Frameworks";
				LD_RUNPATH_SEARCH_PATHS = "$(inherited) @executable_path/Frameworks @loader_path/Frameworks";
				PRODUCT_BUNDLE_IDENTIFIER = com.lloydrochester.ricochet;
				PRODUCT_NAME = "$(TARGET_NAME)";
				SKIP_INSTALL = YES;
			};
			name = Debug;
		};
		DFAC6B671D090BE000C71EB5 /* Release */ = {
			isa = XCBuildConfiguration;
			baseConfigurationReference = 680E1DAB020ECB16BC1748D0 /* Pods-ricochet.release.xcconfig */;
			buildSettings = {
				DEFINES_MODULE = YES;
				DYLIB_COMPATIBILITY_VERSION = 1;
				DYLIB_CURRENT_VERSION = 1;
				DYLIB_INSTALL_NAME_BASE = "@rpath";
				INFOPLIST_FILE = ricochet/Info.plist;
				INSTALL_PATH = "$(LOCAL_LIBRARY_DIR)/Frameworks";
				LD_RUNPATH_SEARCH_PATHS = "$(inherited) @executable_path/Frameworks @loader_path/Frameworks";
				PRODUCT_BUNDLE_IDENTIFIER = com.lloydrochester.ricochet;
				PRODUCT_NAME = "$(TARGET_NAME)";
				SKIP_INSTALL = YES;
			};
			name = Release;
		};
		DFAC6B691D090BE000C71EB5 /* Debug */ = {
			isa = XCBuildConfiguration;
			baseConfigurationReference = 113E3803EEDAA4C2C78130E9 /* Pods-ricochetTests.debug.xcconfig */;
			buildSettings = {
				INFOPLIST_FILE = ricochetTests/Info.plist;
				LD_RUNPATH_SEARCH_PATHS = "$(inherited) @executable_path/Frameworks @loader_path/Frameworks";
				PRODUCT_BUNDLE_IDENTIFIER = com.lloydrochester.ricochetTests;
				PRODUCT_NAME = "$(TARGET_NAME)";
			};
			name = Debug;
		};
		DFAC6B6A1D090BE000C71EB5 /* Release */ = {
			isa = XCBuildConfiguration;
			baseConfigurationReference = E9C6D8CF704CEE320AD44C93 /* Pods-ricochetTests.release.xcconfig */;
			buildSettings = {
				INFOPLIST_FILE = ricochetTests/Info.plist;
				LD_RUNPATH_SEARCH_PATHS = "$(inherited) @executable_path/Frameworks @loader_path/Frameworks";
				PRODUCT_BUNDLE_IDENTIFIER = com.lloydrochester.ricochetTests;
				PRODUCT_NAME = "$(TARGET_NAME)";
			};
			name = Release;
		};
/* End XCBuildConfiguration section */

/* Begin XCConfigurationList section */
		DFAC6B4B1D090BDF00C71EB5 /* Build configuration list for PBXProject "ricochet" */ = {
			isa = XCConfigurationList;
			buildConfigurations = (
				DFAC6B631D090BE000C71EB5 /* Debug */,
				DFAC6B641D090BE000C71EB5 /* Release */,
			);
			defaultConfigurationIsVisible = 0;
			defaultConfigurationName = Release;
		};
		DFAC6B651D090BE000C71EB5 /* Build configuration list for PBXNativeTarget "ricochet" */ = {
			isa = XCConfigurationList;
			buildConfigurations = (
				DFAC6B661D090BE000C71EB5 /* Debug */,
				DFAC6B671D090BE000C71EB5 /* Release */,
			);
			defaultConfigurationIsVisible = 0;
			defaultConfigurationName = Release;
		};
		DFAC6B681D090BE000C71EB5 /* Build configuration list for PBXNativeTarget "ricochetTests" */ = {
			isa = XCConfigurationList;
			buildConfigurations = (
				DFAC6B691D090BE000C71EB5 /* Debug */,
				DFAC6B6A1D090BE000C71EB5 /* Release */,
			);
			defaultConfigurationIsVisible = 0;
			defaultConfigurationName = Release;
		};
/* End XCConfigurationList section */
	};
	rootObject = DFAC6B481D090BDF00C71EB5 /* Project object */;
}
